
Microsoft Visual Studio Solution File, Format Version 12.00
# Visual Studio 15
VisualStudioVersion = 15.0.27004.2005
MinimumVisualStudioVersion = 10.0.40219.1
Project("{2150E333-8FDC-42A3-9474-1A3956D46DE8}") = "Solution Items", "Solution Items", "{476AE2BF-2720-4208-A0D5-5B1B1F910DA4}"
	ProjectSection(SolutionItems) = preProject
		LICENSE.md = LICENSE.md
		README.md = README.md
	EndProjectSection
EndProject
Project("{2150E333-8FDC-42A3-9474-1A3956D46DE8}") = "src", "src", "{791A3329-F87B-4C52-A87E-F2F052BCAA81}"
EndProject
Project("{9A19103F-16F7-4668-BE54-9A1E7A4F7556}") = "System.Clock", "src\System.Clock\System.Clock.csproj", "{08685D6D-FDBF-4B54-A70A-E9CD6DEC7D99}"
EndProject
Project("{2150E333-8FDC-42A3-9474-1A3956D46DE8}") = "test", "test", "{E2137811-DD9C-4D92-8201-2AB244BA3225}"
EndProject
Project("{9A19103F-16F7-4668-BE54-9A1E7A4F7556}") = "System.Clock.Tests", "test\System.Clock.Tests\System.Clock.Tests.csproj", "{D0A62C74-76B7-4D7C-BF90-A0A34A6B0DC1}"
EndProject
Global
	GlobalSection(SolutionConfigurationPlatforms) = preSolution
		Debug|Any CPU = Debug|Any CPU
		Release|Any CPU = Release|Any CPU
	EndGlobalSection
	GlobalSection(ProjectConfigurationPlatforms) = postSolution
		{08685D6D-FDBF-4B54-A70A-E9CD6DEC7D99}.Debug|Any CPU.ActiveCfg = Debug|Any CPU
		{08685D6D-FDBF-4B54-A70A-E9CD6DEC7D99}.Debug|Any CPU.Build.0 = Debug|Any CPU
		{08685D6D-FDBF-4B54-A70A-E9CD6DEC7D99}.Release|Any CPU.ActiveCfg = Release|Any CPU
		{08685D6D-FDBF-4B54-A70A-E9CD6DEC7D99}.Release|Any CPU.Build.0 = Release|Any CPU
		{D0A62C74-76B7-4D7C-BF90-A0A34A6B0DC1}.Debug|Any CPU.ActiveCfg = Debug|Any CPU
		{D0A62C74-76B7-4D7C-BF90-A0A34A6B0DC1}.Debug|Any CPU.Build.0 = Debug|Any CPU
		{D0A62C74-76B7-4D7C-BF90-A0A34A6B0DC1}.Release|Any CPU.ActiveCfg = Release|Any CPU
		{D0A62C74-76B7-4D7C-BF90-A0A34A6B0DC1}.Release|Any CPU.Build.0 = Release|Any CPU
	EndGlobalSection
	GlobalSection(SolutionProperties) = preSolution
		HideSolutionNode = FALSE
	EndGlobalSection
	GlobalSection(NestedProjects) = preSolution
		{08685D6D-FDBF-4B54-A70A-E9CD6DEC7D99} = {791A3329-F87B-4C52-A87E-F2F052BCAA81}
		{D0A62C74-76B7-4D7C-BF90-A0A34A6B0DC1} = {E2137811-DD9C-4D92-8201-2AB244BA3225}
	EndGlobalSection
	GlobalSection(ExtensibilityGlobals) = postSolution
		SolutionGuid = {8544FF5B-AA6D-4278-99E8-FC19113D6679}
	EndGlobalSection
EndGlobal
